{
    "version": 3,
    "terraform_version": "0.11.7",
    "serial": 2,
    "lineage": "600a39e8-f420-35af-f8ac-fa0e6c0ecdb9",
    "modules": [
        {
            "path": [
                "root"
            ],
            "outputs": {},
            "resources": {
                "aws_default_vpc.default": {
                    "type": "aws_default_vpc",
                    "depends_on": [],
                    "primary": {
                        "id": "vpc-3f14b458",
                        "attributes": {
                            "cidr_block": "172.31.0.0/16",
                            "default_network_acl_id": "acl-11eca076",
                            "default_route_table_id": "rtb-a64769c1",
                            "default_security_group_id": "sg-472e433e",
                            "dhcp_options_id": "dopt-506ea837",
                            "enable_classiclink": "false",
                            "enable_classiclink_dns_support": "false",
                            "enable_dns_hostnames": "true",
                            "enable_dns_support": "true",
                            "id": "vpc-3f14b458",
                            "instance_tenancy": "default",
                            "main_route_table_id": "rtb-a64769c1",
                            "tags.%": "1",
                            "tags.Name": "default-vpc"
                        },
                        "meta": {
                            "schema_version": "1"
                        },
                        "tainted": false
                    },
                    "deposed": [],
                    "provider": "provider.aws"
                },
                "aws_eip.deploy_server": {
                    "type": "aws_eip",
                    "depends_on": [],
                    "primary": {
                        "id": "eipalloc-02b6ba4d7504963c6",
                        "attributes": {
                            "association_id": "",
                            "domain": "vpc",
                            "id": "eipalloc-02b6ba4d7504963c6",
                            "instance": "",
                            "network_interface": "",
                            "private_ip": "",
                            "public_ip": "13.113.167.88",
                            "tags.%": "0",
                            "vpc": "true"
                        },
                        "meta": {
                            "e2bfb730-ecaa-11e6-8f88-34363bc7c4c0": {
                                "delete": 180000000000,
                                "read": 900000000000,
                                "update": 300000000000
                            }
                        },
                        "tainted": false
                    },
                    "deposed": [],
                    "provider": "provider.aws"
                },
                "aws_eip_association.eip_assoc": {
                    "type": "aws_eip_association",
                    "depends_on": [
                        "aws_eip.deploy_server",
                        "aws_instance.deploy_server"
                    ],
                    "primary": {
                        "id": "eipassoc-03047d4de9353bb9b",
                        "attributes": {
                            "allocation_id": "eipalloc-02b6ba4d7504963c6",
                            "id": "eipassoc-03047d4de9353bb9b",
                            "instance_id": "i-025c237e04af66cf1",
                            "network_interface_id": "eni-0bb93d6597502d80f",
                            "private_ip_address": "172.31.32.229",
                            "public_ip": "13.113.167.88"
                        },
                        "meta": {},
                        "tainted": false
                    },
                    "deposed": [],
                    "provider": "provider.aws"
                },
                "aws_instance.deploy_server": {
                    "type": "aws_instance",
                    "depends_on": [
                        "aws_key_pair.deploy_server_key",
                        "aws_security_group.deploy_server-sg"
                    ],
                    "primary": {
                        "id": "i-025c237e04af66cf1",
                        "attributes": {
                            "ami": "ami-087675634e2d8e1f4",
                            "associate_public_ip_address": "true",
                            "availability_zone": "ap-northeast-1a",
                            "credit_specification.#": "1",
                            "credit_specification.0.cpu_credits": "standard",
                            "disable_api_termination": "false",
                            "ebs_block_device.#": "0",
                            "ebs_optimized": "false",
                            "ephemeral_block_device.#": "0",
                            "get_password_data": "false",
                            "iam_instance_profile": "",
                            "id": "i-025c237e04af66cf1",
                            "instance_state": "running",
                            "instance_type": "t2.micro",
                            "ipv6_addresses.#": "0",
                            "key_name": "ssh_key",
                            "monitoring": "false",
                            "network_interface.#": "0",
                            "network_interface_id": "eni-0bb93d6597502d80f",
                            "password_data": "",
                            "placement_group": "",
                            "primary_network_interface_id": "eni-0bb93d6597502d80f",
                            "private_dns": "ip-172-31-32-229.ap-northeast-1.compute.internal",
                            "private_ip": "172.31.32.229",
                            "public_dns": "ec2-18-179-42-231.ap-northeast-1.compute.amazonaws.com",
                            "public_ip": "18.179.42.231",
                            "root_block_device.#": "1",
                            "root_block_device.0.delete_on_termination": "true",
                            "root_block_device.0.iops": "100",
                            "root_block_device.0.volume_id": "vol-077a06997235ec3fa",
                            "root_block_device.0.volume_size": "8",
                            "root_block_device.0.volume_type": "gp2",
                            "security_groups.#": "1",
                            "security_groups.3388697269": "deploy_server-security-group",
                            "source_dest_check": "true",
                            "subnet_id": "subnet-7483c23d",
                            "tags.%": "1",
                            "tags.Name": "deploy_server",
                            "tenancy": "default",
                            "volume_tags.%": "0",
                            "vpc_security_group_ids.#": "1",
                            "vpc_security_group_ids.296361251": "sg-0668dc5d9eab3bd81"
                        },
                        "meta": {
                            "e2bfb730-ecaa-11e6-8f88-34363bc7c4c0": {
                                "create": 600000000000,
                                "delete": 1200000000000,
                                "update": 600000000000
                            },
                            "schema_version": "1"
                        },
                        "tainted": false
                    },
                    "deposed": [],
                    "provider": "provider.aws"
                },
                "aws_key_pair.deploy_server_key": {
                    "type": "aws_key_pair",
                    "depends_on": [],
                    "primary": {
                        "id": "ssh_key",
                        "attributes": {
                            "id": "ssh_key",
                            "key_name": "ssh_key",
                            "public_key": "ssh-rsa AAAAB3NzaC1yc2EAAAADAQABAAABAQDJOIfmS1BAmaGij1T+mup+KDqvblhA8luppXNq1jX9vjsZCiYEhbDZF0hl2d1BOVkl2nhWRaAAcSUYLPg4iIyBhIB7mfk7OIAR5xhtRTN9fEq+OZa/lrU39dqiAgsCWkP3I+2dAuCwc5xhRJQmjjsvroq2aQnEUMPSOy9e7etvlVaV6u9/MkK00ztFPHsfLt2u/tp01fa8hpsiU0hI2bgJNmZi5i8QbxVCaFbRBS3A7j9q1tabkcHxfBoNrfefxSCMBFsehpxMEq8LduMikWpdrRbHggwwaKW4N9OnMJESQH1N2XAZBYueP4vjudVdNNh0OH4TkcB5ngrRO8tNuT3l serigne.ndiaye@monstar-lab.com"
                        },
                        "meta": {
                            "schema_version": "1"
                        },
                        "tainted": false
                    },
                    "deposed": [],
                    "provider": "provider.aws"
                },
                "aws_security_group.deploy_server-sg": {
                    "type": "aws_security_group",
                    "depends_on": [
                        "aws_default_vpc.default"
                    ],
                    "primary": {
                        "id": "sg-0668dc5d9eab3bd81",
                        "attributes": {
                            "arn": "arn:aws:ec2:ap-northeast-1:978236216560:security-group/sg-0668dc5d9eab3bd81",
                            "description": "Managed by Terraform",
                            "egress.#": "1",
                            "egress.482069346.cidr_blocks.#": "1",
                            "egress.482069346.cidr_blocks.0": "0.0.0.0/0",
                            "egress.482069346.description": "",
                            "egress.482069346.from_port": "0",
                            "egress.482069346.ipv6_cidr_blocks.#": "0",
                            "egress.482069346.prefix_list_ids.#": "0",
                            "egress.482069346.protocol": "-1",
                            "egress.482069346.security_groups.#": "0",
                            "egress.482069346.self": "false",
                            "egress.482069346.to_port": "0",
                            "id": "sg-0668dc5d9eab3bd81",
                            "ingress.#": "1",
                            "ingress.2541437006.cidr_blocks.#": "1",
                            "ingress.2541437006.cidr_blocks.0": "0.0.0.0/0",
                            "ingress.2541437006.description": "",
                            "ingress.2541437006.from_port": "22",
                            "ingress.2541437006.ipv6_cidr_blocks.#": "0",
                            "ingress.2541437006.protocol": "tcp",
                            "ingress.2541437006.security_groups.#": "0",
                            "ingress.2541437006.self": "false",
                            "ingress.2541437006.to_port": "22",
                            "name": "deploy_server-security-group",
                            "owner_id": "978236216560",
                            "revoke_rules_on_delete": "false",
                            "tags.%": "0",
                            "vpc_id": "vpc-3f14b458"
                        },
                        "meta": {
                            "e2bfb730-ecaa-11e6-8f88-34363bc7c4c0": {
                                "create": 600000000000,
                                "delete": 600000000000
                            },
                            "schema_version": "1"
                        },
                        "tainted": false
                    },
                    "deposed": [],
                    "provider": "provider.aws"
                }
            },
            "depends_on": []
        }
    ]
}
